
Microsoft Visual Studio Solution File, Format Version 12.00
# Visual Studio 15
VisualStudioVersion = 15.0.27004.2008
MinimumVisualStudioVersion = 10.0.40219.1
Project("{8BC9CEB8-8B4A-11D0-8D11-00A0C91BC942}") = "Npy++", "Npy++.vcxproj", "{014413C8-BE38-48A4-9F99-9C98A08BC668}"
	ProjectSection(ProjectDependencies) = postProject
		{DDFE8A05-80E7-4585-A6DD-2566FCCDC66A} = {DDFE8A05-80E7-4585-A6DD-2566FCCDC66A}
	EndProjectSection
EndProject
Project("{8BC9CEB8-8B4A-11D0-8D11-00A0C91BC942}") = "UnitTests", "..\UnitTests\UnitTests.vcxproj", "{70E62364-4515-45C8-AAFD-72615F22054E}"
	ProjectSection(ProjectDependencies) = postProject
		{DDFE8A05-80E7-4585-A6DD-2566FCCDC66A} = {DDFE8A05-80E7-4585-A6DD-2566FCCDC66A}
		{014413C8-BE38-48A4-9F99-9C98A08BC668} = {014413C8-BE38-48A4-9F99-9C98A08BC668}
	EndProjectSection
EndProject
Project("{8BC9CEB8-8B4A-11D0-8D11-00A0C91BC942}") = "zlib", "..\zlib-1.2.7.f-win64-v1\zlib.vcxproj", "{DDFE8A05-80E7-4585-A6DD-2566FCCDC66A}"
EndProject
Global
	GlobalSection(SolutionConfigurationPlatforms) = preSolution
		Debug|x64 = Debug|x64
		Debug|x86 = Debug|x86
		Release|x64 = Release|x64
		Release|x86 = Release|x86
	EndGlobalSection
	GlobalSection(ProjectConfigurationPlatforms) = postSolution
		{014413C8-BE38-48A4-9F99-9C98A08BC668}.Debug|x64.ActiveCfg = Debug|x64
		{014413C8-BE38-48A4-9F99-9C98A08BC668}.Debug|x64.Build.0 = Debug|x64
		{014413C8-BE38-48A4-9F99-9C98A08BC668}.Debug|x86.ActiveCfg = Debug|x64
		{014413C8-BE38-48A4-9F99-9C98A08BC668}.Debug|x86.Build.0 = Debug|x64
		{014413C8-BE38-48A4-9F99-9C98A08BC668}.Release|x64.ActiveCfg = Release|x64
		{014413C8-BE38-48A4-9F99-9C98A08BC668}.Release|x64.Build.0 = Release|x64
		{014413C8-BE38-48A4-9F99-9C98A08BC668}.Release|x86.ActiveCfg = Release|x64
		{014413C8-BE38-48A4-9F99-9C98A08BC668}.Release|x86.Build.0 = Release|x64
		{70E62364-4515-45C8-AAFD-72615F22054E}.Debug|x64.ActiveCfg = Debug|x64
		{70E62364-4515-45C8-AAFD-72615F22054E}.Debug|x64.Build.0 = Debug|x64
		{70E62364-4515-45C8-AAFD-72615F22054E}.Debug|x86.ActiveCfg = Debug|x64
		{70E62364-4515-45C8-AAFD-72615F22054E}.Debug|x86.Build.0 = Debug|x64
		{70E62364-4515-45C8-AAFD-72615F22054E}.Release|x64.ActiveCfg = Release|x64
		{70E62364-4515-45C8-AAFD-72615F22054E}.Release|x64.Build.0 = Release|x64
		{70E62364-4515-45C8-AAFD-72615F22054E}.Release|x86.ActiveCfg = Release|x64
		{70E62364-4515-45C8-AAFD-72615F22054E}.Release|x86.Build.0 = Release|x64
		{DDFE8A05-80E7-4585-A6DD-2566FCCDC66A}.Debug|x64.ActiveCfg = Debug|x64
		{DDFE8A05-80E7-4585-A6DD-2566FCCDC66A}.Debug|x64.Build.0 = Debug|x64
		{DDFE8A05-80E7-4585-A6DD-2566FCCDC66A}.Debug|x86.ActiveCfg = Debug|x64
		{DDFE8A05-80E7-4585-A6DD-2566FCCDC66A}.Debug|x86.Build.0 = Debug|x64
		{DDFE8A05-80E7-4585-A6DD-2566FCCDC66A}.Release|x64.ActiveCfg = Release|x64
		{DDFE8A05-80E7-4585-A6DD-2566FCCDC66A}.Release|x64.Build.0 = Release|x64
		{DDFE8A05-80E7-4585-A6DD-2566FCCDC66A}.Release|x86.ActiveCfg = Release|x64
		{DDFE8A05-80E7-4585-A6DD-2566FCCDC66A}.Release|x86.Build.0 = Release|x64
	EndGlobalSection
	GlobalSection(SolutionProperties) = preSolution
		HideSolutionNode = FALSE
	EndGlobalSection
	GlobalSection(ExtensibilityGlobals) = postSolution
		SolutionGuid = {4E6838C3-BA12-4E2E-8863-FF3BFEFC1EC3}
	EndGlobalSection
EndGlobal
